
Microsoft Visual Studio Solution File, Format Version 12.00
# Visual Studio Version 17
VisualStudioVersion = 17.3.32922.545
MinimumVisualStudioVersion = 10.0.40219.1
Project("{FAE04EC0-301F-11D3-BF4B-00C04F79EFBC}") = "Xadrez-Console", "Xadrez-Console\Xadrez-Console.csproj", "{179D5213-D89A-4075-BD63-16128C324137}"
EndProject
Global
	GlobalSection(SolutionConfigurationPlatforms) = preSolution
		Debug|Any CPU = Debug|Any CPU
		Release|Any CPU = Release|Any CPU
	EndGlobalSection
	GlobalSection(ProjectConfigurationPlatforms) = postSolution
		{179D5213-D89A-4075-BD63-16128C324137}.Debug|Any CPU.ActiveCfg = Debug|Any CPU
		{179D5213-D89A-4075-BD63-16128C324137}.Debug|Any CPU.Build.0 = Debug|Any CPU
		{179D5213-D89A-4075-BD63-16128C324137}.Release|Any CPU.ActiveCfg = Release|Any CPU
		{179D5213-D89A-4075-BD63-16128C324137}.Release|Any CPU.Build.0 = Release|Any CPU
	EndGlobalSection
	GlobalSection(SolutionProperties) = preSolution
		HideSolutionNode = FALSE
	EndGlobalSection
	GlobalSection(ExtensibilityGlobals) = postSolution
		SolutionGuid = {A1736DCE-F24D-4F32-8AD1-A82CF8AB4436}
	EndGlobalSection
EndGlobal
